// !$*UTF8*$!
{
	archiveVersion = 1;
	classes = {
	};
	objectVersion = 56;
	objects = {

/* Begin PBXBuildFile section */
		847695222AF7495C001994CF /* Anton-Regular.ttf in Resources */ = {isa = PBXBuildFile; fileRef = 847695212AF7495C001994CF /* Anton-Regular.ttf */; };
		F99D7EB72AF964BB007D8F7E /* SpeechRec.swift in Sources */ = {isa = PBXBuildFile; fileRef = F99D7EB62AF964BB007D8F7E /* SpeechRec.swift */; };
		F99D7EBA2AF96562007D8F7E /* ViewModifiers.swift in Sources */ = {isa = PBXBuildFile; fileRef = F99D7EB92AF96562007D8F7E /* ViewModifiers.swift */; };
		F9D379EB2ADC55340015A2FB /* TestSpeechApp.swift in Sources */ = {isa = PBXBuildFile; fileRef = F9D379EA2ADC55340015A2FB /* TestSpeechApp.swift */; };
		F9D379ED2ADC55340015A2FB /* ContentView.swift in Sources */ = {isa = PBXBuildFile; fileRef = F9D379EC2ADC55340015A2FB /* ContentView.swift */; };
		F9D379EF2ADC55360015A2FB /* Assets.xcassets in Resources */ = {isa = PBXBuildFile; fileRef = F9D379EE2ADC55360015A2FB /* Assets.xcassets */; };
		F9D379F22ADC55360015A2FB /* Preview Assets.xcassets in Resources */ = {isa = PBXBuildFile; fileRef = F9D379F12ADC55360015A2FB /* Preview Assets.xcassets */; };
/* End PBXBuildFile section */

/* Begin PBXFileReference section */
		847695212AF7495C001994CF /* Anton-Regular.ttf */ = {isa = PBXFileReference; lastKnownFileType = file; path = "Anton-Regular.ttf"; sourceTree = "<group>"; };
		F92B6A8E2AEF6ADF001BF444 /* CustomInfo.plist */ = {isa = PBXFileReference; fileEncoding = 4; lastKnownFileType = text.plist.xml; path = CustomInfo.plist; sourceTree = "<group>"; };
		F99D7EB62AF964BB007D8F7E /* SpeechRec.swift */ = {isa = PBXFileReference; lastKnownFileType = sourcecode.swift; path = SpeechRec.swift; sourceTree = "<group>"; };
		F99D7EB92AF96562007D8F7E /* ViewModifiers.swift */ = {isa = PBXFileReference; lastKnownFileType = sourcecode.swift; path = ViewModifiers.swift; sourceTree = "<group>"; };
		F9D379E72ADC55340015A2FB /* TestSpeech.app */ = {isa = PBXFileReference; explicitFileType = wrapper.application; includeInIndex = 0; path = TestSpeech.app; sourceTree = BUILT_PRODUCTS_DIR; };
		F9D379EA2ADC55340015A2FB /* TestSpeechApp.swift */ = {isa = PBXFileReference; lastKnownFileType = sourcecode.swift; path = TestSpeechApp.swift; sourceTree = "<group>"; };
		F9D379EC2ADC55340015A2FB /* ContentView.swift */ = {isa = PBXFileReference; lastKnownFileType = sourcecode.swift; path = ContentView.swift; sourceTree = "<group>"; };
		F9D379EE2ADC55360015A2FB /* Assets.xcassets */ = {isa = PBXFileReference; lastKnownFileType = folder.assetcatalog; path = Assets.xcassets; sourceTree = "<group>"; };
		F9D379F12ADC55360015A2FB /* Preview Assets.xcassets */ = {isa = PBXFileReference; lastKnownFileType = folder.assetcatalog; path = "Preview Assets.xcassets"; sourceTree = "<group>"; };
/* End PBXFileReference section */

/* Begin PBXFrameworksBuildPhase section */
		F9D379E42ADC55340015A2FB /* Frameworks */ = {
			isa = PBXFrameworksBuildPhase;
			buildActionMask = 2147483647;
			files = (
			);
			runOnlyForDeploymentPostprocessing = 0;
		};
/* End PBXFrameworksBuildPhase section */

/* Begin PBXGroup section */
		F99D7EB52AF9649E007D8F7E /* Models */ = {
			isa = PBXGroup;
			children = (
				F99D7EB62AF964BB007D8F7E /* SpeechRec.swift */,
			);
			path = Models;
			sourceTree = "<group>";
		};
		F99D7EB82AF9654E007D8F7E /* Modifiers */ = {
			isa = PBXGroup;
			children = (
				F99D7EB92AF96562007D8F7E /* ViewModifiers.swift */,
			);
			path = Modifiers;
			sourceTree = "<group>";
		};
		F9D379DE2ADC55340015A2FB = {
			isa = PBXGroup;
			children = (
				F9D379E92ADC55340015A2FB /* TestSpeech */,
				F9D379E82ADC55340015A2FB /* Products */,
			);
			sourceTree = "<group>";
		};
		F9D379E82ADC55340015A2FB /* Products */ = {
			isa = PBXGroup;
			children = (
				F9D379E72ADC55340015A2FB /* TestSpeech.app */,
			);
			name = Products;
			sourceTree = "<group>";
		};
		F9D379E92ADC55340015A2FB /* TestSpeech */ = {
			isa = PBXGroup;
			children = (
				F99D7EB82AF9654E007D8F7E /* Modifiers */,
				F99D7EB52AF9649E007D8F7E /* Models */,
				847695212AF7495C001994CF /* Anton-Regular.ttf */,
				F92B6A8E2AEF6ADF001BF444 /* CustomInfo.plist */,
				F9D379EA2ADC55340015A2FB /* TestSpeechApp.swift */,
				F9D379EC2ADC55340015A2FB /* ContentView.swift */,
				F9D379EE2ADC55360015A2FB /* Assets.xcassets */,
				F9D379F02ADC55360015A2FB /* Preview Content */,
			);
			path = TestSpeech;
			sourceTree = "<group>";
		};
		F9D379F02ADC55360015A2FB /* Preview Content */ = {
			isa = PBXGroup;
			children = (
				F9D379F12ADC55360015A2FB /* Preview Assets.xcassets */,
			);
			path = "Preview Content";
			sourceTree = "<group>";
		};
/* End PBXGroup section */

/* Begin PBXNativeTarget section */
		F9D379E62ADC55340015A2FB /* TestSpeech */ = {
			isa = PBXNativeTarget;
			buildConfigurationList = F9D379F52ADC55360015A2FB /* Build configuration list for PBXNativeTarget "TestSpeech" */;
			buildPhases = (
				F9D379E32ADC55340015A2FB /* Sources */,
				F9D379E42ADC55340015A2FB /* Frameworks */,
				F9D379E52ADC55340015A2FB /* Resources */,
			);
			buildRules = (
			);
			dependencies = (
			);
			name = TestSpeech;
			productName = TestSpeech;
			productReference = F9D379E72ADC55340015A2FB /* TestSpeech.app */;
			productType = "com.apple.product-type.application";
		};
/* End PBXNativeTarget section */

/* Begin PBXProject section */
		F9D379DF2ADC55340015A2FB /* Project object */ = {
			isa = PBXProject;
			attributes = {
				BuildIndependentTargetsInParallel = 1;
				LastSwiftUpdateCheck = 1430;
				LastUpgradeCheck = 1500;
				TargetAttributes = {
					F9D379E62ADC55340015A2FB = {
						CreatedOnToolsVersion = 14.3.1;
					};
				};
			};
			buildConfigurationList = F9D379E22ADC55340015A2FB /* Build configuration list for PBXProject "TestSpeech" */;
			compatibilityVersion = "Xcode 14.0";
			developmentRegion = en;
			hasScannedForEncodings = 0;
			knownRegions = (
				en,
				Base,
			);
			mainGroup = F9D379DE2ADC55340015A2FB;
			productRefGroup = F9D379E82ADC55340015A2FB /* Products */;
			projectDirPath = "";
			projectRoot = "";
			targets = (
				F9D379E62ADC55340015A2FB /* TestSpeech */,
			);
		};
/* End PBXProject section */

/* Begin PBXResourcesBuildPhase section */
		F9D379E52ADC55340015A2FB /* Resources */ = {
			isa = PBXResourcesBuildPhase;
			buildActionMask = 2147483647;
			files = (
				F9D379F22ADC55360015A2FB /* Preview Assets.xcassets in Resources */,
				F9D379EF2ADC55360015A2FB /* Assets.xcassets in Resources */,
				847695222AF7495C001994CF /* Anton-Regular.ttf in Resources */,
			);
			runOnlyForDeploymentPostprocessing = 0;
		};
/* End PBXResourcesBuildPhase section */

/* Begin PBXSourcesBuildPhase section */
		F9D379E32ADC55340015A2FB /* Sources */ = {
			isa = PBXSourcesBuildPhase;
			buildActionMask = 2147483647;
			files = (
				F99D7EB72AF964BB007D8F7E /* SpeechRec.swift in Sources */,
				F9D379ED2ADC55340015A2FB /* ContentView.swift in Sources */,
				F9D379EB2ADC55340015A2FB /* TestSpeechApp.swift in Sources */,
				F99D7EBA2AF96562007D8F7E /* ViewModifiers.swift in Sources */,
			);
			runOnlyForDeploymentPostprocessing = 0;
		};
/* End PBXSourcesBuildPhase section */

/* Begin XCBuildConfiguration section */
		F9D379F32ADC55360015A2FB /* Debug */ = {
			isa = XCBuildConfiguration;
			buildSettings = {
				ALWAYS_SEARCH_USER_PATHS = NO;
				CLANG_ANALYZER_NONNULL = YES;
				CLANG_ANALYZER_NUMBER_OBJECT_CONVERSION = YES_AGGRESSIVE;
				CLANG_CXX_LANGUAGE_STANDARD = "gnu++20";
				CLANG_ENABLE_MODULES = YES;
				CLANG_ENABLE_OBJC_ARC = YES;
				CLANG_ENABLE_OBJC_WEAK = YES;
				CLANG_WARN_BLOCK_CAPTURE_AUTORELEASING = YES;
				CLANG_WARN_BOOL_CONVERSION = YES;
				CLANG_WARN_COMMA = YES;
				CLANG_WARN_CONSTANT_CONVERSION = YES;
				CLANG_WARN_DEPRECATED_OBJC_IMPLEMENTATIONS = YES;
				CLANG_WARN_DIRECT_OBJC_ISA_USAGE = YES_ERROR;
				CLANG_WARN_DOCUMENTATION_COMMENTS = YES;
				CLANG_WARN_EMPTY_BODY = YES;
				CLANG_WARN_ENUM_CONVERSION = YES;
				CLANG_WARN_INFINITE_RECURSION = YES;
				CLANG_WARN_INT_CONVERSION = YES;
				CLANG_WARN_NON_LITERAL_NULL_CONVERSION = YES;
				CLANG_WARN_OBJC_IMPLICIT_RETAIN_SELF = YES;
				CLANG_WARN_OBJC_LITERAL_CONVERSION = YES;
				CLANG_WARN_OBJC_ROOT_CLASS = YES_ERROR;
				CLANG_WARN_QUOTED_INCLUDE_IN_FRAMEWORK_HEADER = YES;
				CLANG_WARN_RANGE_LOOP_ANALYSIS = YES;
				CLANG_WARN_STRICT_PROTOTYPES = YES;
				CLANG_WARN_SUSPICIOUS_MOVE = YES;
				CLANG_WARN_UNGUARDED_AVAILABILITY = YES_AGGRESSIVE;
				CLANG_WARN_UNREACHABLE_CODE = YES;
				CLANG_WARN__DUPLICATE_METHOD_MATCH = YES;
				COPY_PHASE_STRIP = NO;
				DEBUG_INFORMATION_FORMAT = dwarf;
				ENABLE_STRICT_OBJC_MSGSEND = YES;
				ENABLE_TESTABILITY = YES;
				ENABLE_USER_SCRIPT_SANDBOXING = YES;
				GCC_C_LANGUAGE_STANDARD = gnu11;
				GCC_DYNAMIC_NO_PIC = NO;
				GCC_NO_COMMON_BLOCKS = YES;
				GCC_OPTIMIZATION_LEVEL = 0;
				GCC_PREPROCESSOR_DEFINITIONS = (
					"DEBUG=1",
					"$(inherited)",
				);
				GCC_WARN_64_TO_32_BIT_CONVERSION = YES;
				GCC_WARN_ABOUT_RETURN_TYPE = YES_ERROR;
				GCC_WARN_UNDECLARED_SELECTOR = YES;
				GCC_WARN_UNINITIALIZED_AUTOS = YES_AGGRESSIVE;
				GCC_WARN_UNUSED_FUNCTION = YES;
				GCC_WARN_UNUSED_VARIABLE = YES;
				IPHONEOS_DEPLOYMENT_TARGET = 16.4;
				MTL_ENABLE_DEBUG_INFO = INCLUDE_SOURCE;
				MTL_FAST_MATH = YES;
				ONLY_ACTIVE_ARCH = YES;
				SDKROOT = iphoneos;
				SWIFT_ACTIVE_COMPILATION_CONDITIONS = DEBUG;
				SWIFT_OPTIMIZATION_LEVEL = "-Onone";
			};
			name = Debug;
		};
		F9D379F42ADC55360015A2FB /* Release */ = {
			isa = XCBuildConfiguration;
			buildSettings = {
				ALWAYS_SEARCH_USER_PATHS = NO;
				CLANG_ANALYZER_NONNULL = YES;
				CLANG_ANALYZER_NUMBER_OBJECT_CONVERSION = YES_AGGRESSIVE;
				CLANG_CXX_LANGUAGE_STANDARD = "gnu++20";
				CLANG_ENABLE_MODULES = YES;
				CLANG_ENABLE_OBJC_ARC = YES;
				CLANG_ENABLE_OBJC_WEAK = YES;
				CLANG_WARN_BLOCK_CAPTURE_AUTORELEASING = YES;
				CLANG_WARN_BOOL_CONVERSION = YES;
				CLANG_WARN_COMMA = YES;
				CLANG_WARN_CONSTANT_CONVERSION = YES;
				CLANG_WARN_DEPRECATED_OBJC_IMPLEMENTATIONS = YES;
				CLANG_WARN_DIRECT_OBJC_ISA_USAGE = YES_ERROR;
				CLANG_WARN_DOCUMENTATION_COMMENTS = YES;
				CLANG_WARN_EMPTY_BODY = YES;
				CLANG_WARN_ENUM_CONVERSION = YES;
				CLANG_WARN_INFINITE_RECURSION = YES;
				CLANG_WARN_INT_CONVERSION = YES;
				CLANG_WARN_NON_LITERAL_NULL_CONVERSION = YES;
				CLANG_WARN_OBJC_IMPLICIT_RETAIN_SELF = YES;
				CLANG_WARN_OBJC_LITERAL_CONVERSION = YES;
				CLANG_WARN_OBJC_ROOT_CLASS = YES_ERROR;
				CLANG_WARN_QUOTED_INCLUDE_IN_FRAMEWORK_HEADER = YES;
				CLANG_WARN_RANGE_LOOP_ANALYSIS = YES;
				CLANG_WARN_STRICT_PROTOTYPES = YES;
				CLANG_WARN_SUSPICIOUS_MOVE = YES;
				CLANG_WARN_UNGUARDED_AVAILABILITY = YES_AGGRESSIVE;
				CLANG_WARN_UNREACHABLE_CODE = YES;
				CLANG_WARN__DUPLICATE_METHOD_MATCH = YES;
				COPY_PHASE_STRIP = NO;
				DEBUG_INFORMATION_FORMAT = "dwarf-with-dsym";
				ENABLE_NS_ASSERTIONS = NO;
				ENABLE_STRICT_OBJC_MSGSEND = YES;
				ENABLE_USER_SCRIPT_SANDBOXING = YES;
				GCC_C_LANGUAGE_STANDARD = gnu11;
				GCC_NO_COMMON_BLOCKS = YES;
				GCC_WARN_64_TO_32_BIT_CONVERSION = YES;
				GCC_WARN_ABOUT_RETURN_TYPE = YES_ERROR;
				GCC_WARN_UNDECLARED_SELECTOR = YES;
				GCC_WARN_UNINITIALIZED_AUTOS = YES_AGGRESSIVE;
				GCC_WARN_UNUSED_FUNCTION = YES;
				GCC_WARN_UNUSED_VARIABLE = YES;
				IPHONEOS_DEPLOYMENT_TARGET = 16.4;
				MTL_ENABLE_DEBUG_INFO = NO;
				MTL_FAST_MATH = YES;
				SDKROOT = iphoneos;
				SWIFT_COMPILATION_MODE = wholemodule;
				SWIFT_OPTIMIZATION_LEVEL = "-O";
				VALIDATE_PRODUCT = YES;
			};
			name = Release;
		};
		F9D379F62ADC55360015A2FB /* Debug */ = {
			isa = XCBuildConfiguration;
			buildSettings = {
				ASSETCATALOG_COMPILER_APPICON_NAME = AppIcon;
				ASSETCATALOG_COMPILER_GLOBAL_ACCENT_COLOR_NAME = AccentColor;
				CODE_SIGN_IDENTITY = "Apple Development";
				CODE_SIGN_STYLE = Automatic;
				CURRENT_PROJECT_VERSION = 1;
				DEVELOPMENT_ASSET_PATHS = "\"TestSpeech/Preview Content\"";
				DEVELOPMENT_TEAM = 229V839258;
				ENABLE_PREVIEWS = YES;
				GENERATE_INFOPLIST_FILE = YES;
				INFOPLIST_FILE = TestSpeech/CustomInfo.plist;
				INFOPLIST_KEY_NSMicrophoneUsageDescription = "Describe why your app needs microphone access";
				INFOPLIST_KEY_NSSpeechRecognitionUsageDescription = "Describe why your app needs speech recognition access";
				INFOPLIST_KEY_UIApplicationSceneManifest_Generation = YES;
				INFOPLIST_KEY_UIApplicationSupportsIndirectInputEvents = YES;
				INFOPLIST_KEY_UILaunchScreen_Generation = YES;
				INFOPLIST_KEY_UISupportedInterfaceOrientations_iPad = "UIInterfaceOrientationPortrait UIInterfaceOrientationPortraitUpsideDown UIInterfaceOrientationLandscapeLeft UIInterfaceOrientationLandscapeRight";
				INFOPLIST_KEY_UISupportedInterfaceOrientations_iPhone = "UIInterfaceOrientationPortrait UIInterfaceOrientationLandscapeLeft UIInterfaceOrientationLandscapeRight";
				LD_RUNPATH_SEARCH_PATHS = (
					"$(inherited)",
					"@executable_path/Frameworks",
				);
				MARKETING_VERSION = 1.0;
				PRODUCT_BUNDLE_IDENTIFIER = com.madok.TestSpeech;
				PRODUCT_NAME = "$(TARGET_NAME)";
				PROVISIONING_PROFILE_SPECIFIER = "";
				SWIFT_EMIT_LOC_STRINGS = YES;
				SWIFT_VERSION = 5.0;
				TARGETED_DEVICE_FAMILY = "1,2";
			};
			name = Debug;
		};
		F9D379F72ADC55360015A2FB /* Release */ = {
			isa = XCBuildConfiguration;
			buildSettings = {
				ASSETCATALOG_COMPILER_APPICON_NAME = AppIcon;
				ASSETCATALOG_COMPILER_GLOBAL_ACCENT_COLOR_NAME = AccentColor;
				CODE_SIGN_IDENTITY = "Apple Development";
				CODE_SIGN_STYLE = Automatic;
				CURRENT_PROJECT_VERSION = 1;
				DEVELOPMENT_ASSET_PATHS = "\"TestSpeech/Preview Content\"";
				DEVELOPMENT_TEAM = 229V839258;
				ENABLE_PREVIEWS = YES;
				GENERATE_INFOPLIST_FILE = YES;
				INFOPLIST_FILE = TestSpeech/CustomInfo.plist;
				INFOPLIST_KEY_NSMicrophoneUsageDescription = "Describe why your app needs microphone access";
				INFOPLIST_KEY_NSSpeechRecognitionUsageDescription = "Describe why your app needs speech recognition access";
				INFOPLIST_KEY_UIApplicationSceneManifest_Generation = YES;
				INFOPLIST_KEY_UIApplicationSupportsIndirectInputEvents = YES;
				INFOPLIST_KEY_UILaunchScreen_Generation = YES;
				INFOPLIST_KEY_UISupportedInterfaceOrientations_iPad = "UIInterfaceOrientationPortrait UIInterfaceOrientationPortraitUpsideDown UIInterfaceOrientationLandscapeLeft UIInterfaceOrientationLandscapeRight";
				INFOPLIST_KEY_UISupportedInterfaceOrientations_iPhone = "UIInterfaceOrientationPortrait UIInterfaceOrientationLandscapeLeft UIInterfaceOrientationLandscapeRight";
				LD_RUNPATH_SEARCH_PATHS = (
					"$(inherited)",
					"@executable_path/Frameworks",
				);
				MARKETING_VERSION = 1.0;
				PRODUCT_BUNDLE_IDENTIFIER = com.madok.TestSpeech;
				PRODUCT_NAME = "$(TARGET_NAME)";
				PROVISIONING_PROFILE_SPECIFIER = "";
				SWIFT_EMIT_LOC_STRINGS = YES;
				SWIFT_VERSION = 5.0;
				TARGETED_DEVICE_FAMILY = "1,2";
			};
			name = Release;
		};
/* End XCBuildConfiguration section */

/* Begin XCConfigurationList section */
		F9D379E22ADC55340015A2FB /* Build configuration list for PBXProject "TestSpeech" */ = {
			isa = XCConfigurationList;
			buildConfigurations = (
				F9D379F32ADC55360015A2FB /* Debug */,
				F9D379F42ADC55360015A2FB /* Release */,
			);
			defaultConfigurationIsVisible = 0;
			defaultConfigurationName = Release;
		};
		F9D379F52ADC55360015A2FB /* Build configuration list for PBXNativeTarget "TestSpeech" */ = {
			isa = XCConfigurationList;
			buildConfigurations = (
				F9D379F62ADC55360015A2FB /* Debug */,
				F9D379F72ADC55360015A2FB /* Release */,
			);
			defaultConfigurationIsVisible = 0;
			defaultConfigurationName = Release;
		};
/* End XCConfigurationList section */
	};
	rootObject = F9D379DF2ADC55340015A2FB /* Project object */;
}
